
Microsoft Visual Studio Solution File, Format Version 12.00
# Visual Studio 15
VisualStudioVersion = 15.0.27703.2047
MinimumVisualStudioVersion = 10.0.40219.1
Project("{FAE04EC0-301F-11D3-BF4B-00C04F79EFBC}") = "EmployeeService", "EmployeeService\EmployeeService.csproj", "{7FFCE7C6-7E8C-429F-82FC-ABB52C0F1F6A}"
EndProject
Project("{FAE04EC0-301F-11D3-BF4B-00C04F79EFBC}") = "EmployeeDataAccess", "EmployeeDataAccess\EmployeeDataAccess.csproj", "{6B0EE68D-1062-41A9-AF2C-D10B4B6FF198}"
EndProject
Project("{FAE04EC0-301F-11D3-BF4B-00C04F79EFBC}") = "ClientApplication", "ClientApplication\ClientApplication.csproj", "{17A56423-522C-484C-B9ED-BB177EFC9E8B}"
EndProject
Global
	GlobalSection(SolutionConfigurationPlatforms) = preSolution
		Debug|Any CPU = Debug|Any CPU
		Release|Any CPU = Release|Any CPU
	EndGlobalSection
	GlobalSection(ProjectConfigurationPlatforms) = postSolution
		{7FFCE7C6-7E8C-429F-82FC-ABB52C0F1F6A}.Debug|Any CPU.ActiveCfg = Debug|Any CPU
		{7FFCE7C6-7E8C-429F-82FC-ABB52C0F1F6A}.Debug|Any CPU.Build.0 = Debug|Any CPU
		{7FFCE7C6-7E8C-429F-82FC-ABB52C0F1F6A}.Release|Any CPU.ActiveCfg = Release|Any CPU
		{7FFCE7C6-7E8C-429F-82FC-ABB52C0F1F6A}.Release|Any CPU.Build.0 = Release|Any CPU
		{6B0EE68D-1062-41A9-AF2C-D10B4B6FF198}.Debug|Any CPU.ActiveCfg = Debug|Any CPU
		{6B0EE68D-1062-41A9-AF2C-D10B4B6FF198}.Debug|Any CPU.Build.0 = Debug|Any CPU
		{6B0EE68D-1062-41A9-AF2C-D10B4B6FF198}.Release|Any CPU.ActiveCfg = Release|Any CPU
		{6B0EE68D-1062-41A9-AF2C-D10B4B6FF198}.Release|Any CPU.Build.0 = Release|Any CPU
		{17A56423-522C-484C-B9ED-BB177EFC9E8B}.Debug|Any CPU.ActiveCfg = Debug|Any CPU
		{17A56423-522C-484C-B9ED-BB177EFC9E8B}.Debug|Any CPU.Build.0 = Debug|Any CPU
		{17A56423-522C-484C-B9ED-BB177EFC9E8B}.Release|Any CPU.ActiveCfg = Release|Any CPU
		{17A56423-522C-484C-B9ED-BB177EFC9E8B}.Release|Any CPU.Build.0 = Release|Any CPU
	EndGlobalSection
	GlobalSection(SolutionProperties) = preSolution
		HideSolutionNode = FALSE
	EndGlobalSection
	GlobalSection(ExtensibilityGlobals) = postSolution
		SolutionGuid = {21A8C276-E84E-4212-83E4-0E3075542E0A}
	EndGlobalSection
EndGlobal
